{
  "requires": true,
  "lockfileVersion": 1,
  "dependencies": {
    "diff-so-fancy": {
      "version": "1.2.5",
      "resolved": "https://registry.npmjs.org/diff-so-fancy/-/diff-so-fancy-1.2.5.tgz",
      "integrity": "sha512-Gg0lkJQevhnNjZLblBJU2IY8IkcefCsuc6xDjP3JloqSvsEmv3uIaC2yURB1ofT0QdlCyudeXdyYGqf9nvLC6g=="
    }
  }
}
